{
  "name": "test-critical-fixture",
  "version": "1.0.0",
  "lockfileVersion": 2,
  "packages": {
    "node_modules/lodash": {
      "version": "4.17.15",
      "resolved": "https://registry.npmjs.org/lodash/-/lodash-4.17.15.tgz",
      "integrity": "sha512-8xOcROvUy0e6M2+n7RkXL42f6+kL2QX9U8rjR9v2XjDgZj6Kt+K8v1qN2lQ4s6Q4TQJj5K2nT6K5K2nT6K5K2nT6"
    }
  }
}
